lockfileVersion: 5.3

specifiers:
  monkey-around: ^2.3
  obsidian: 0.15.4
  to-use: ^0.2.1

dependencies:
  monkey-around: 2.3.0
  obsidian: 0.15.4
  to-use: 0.2.1

packages:

  /@types/codemirror/0.0.108:
    resolution: {integrity: sha512-3FGFcus0P7C2UOGCNUVENqObEb4SFk+S8Dnxq7K6aIsLVs/vDtlangl3PEO0ykaKXyK56swVF6Nho7VsA44uhw==}
    dependencies:
      '@types/tern': 0.23.4
    dev: false

  /@types/estree/0.0.52:
    resolution: {integrity: sha512-BZWrtCU0bMVAIliIV+HJO1f1PR41M7NKjfxrFJwwhKI1KwhwOxYw1SXg9ao+CIMt774nFuGiG6eU+udtbEI9oQ==}
    dev: false

  /@types/tern/0.23.4:
    resolution: {integrity: sha512-JAUw1iXGO1qaWwEOzxTKJZ/5JxVeON9kvGZ/osgZaJImBnyjyn0cjovPsf6FNLmyGY8Vw9DoXZCMlfMkMwHRWg==}
    dependencies:
      '@types/estree': 0.0.52
    dev: false

  /moment/2.29.3:
    resolution: {integrity: sha512-c6YRvhEo//6T2Jz/vVtYzqBzwvPT95JBQ+smCytzf7c50oMZRsR/a4w88aD34I+/QVSfnoAnSBFPJHItlOMJVw==}
    dev: false

  /monkey-around/2.3.0:
    resolution: {integrity: sha512-QWcCUWjqE/MCk9cXlSKZ1Qc486LD439xw/Ak8Nt6l2PuL9+yrc9TJakt7OHDuOqPRYY4nTWBAEFKn32PE/SfXA==}
    dev: false

  /obsidian/0.15.4:
    resolution: {integrity: sha512-FE11CxxpVD6t/DBvjLvlT7q7YYW91ubTqPKIIp286LdnyLipS8Xi3Tif8i8ALPv87Vg9obKM43aWcPsYLxLllQ==}
    peerDependencies:
      '@codemirror/state': ^6.0.0
      '@codemirror/view': ^6.0.0
    dependencies:
      '@types/codemirror': 0.0.108
      moment: 2.29.3
    dev: false

  /to-use/0.2.1:
    resolution: {integrity: sha512-FwF0QIePeaY/Wk2thTjjV41KltJZsMTidH33R64u76Ai+IDyXI4cLYA5PH2PjQRyxAKVtDgcN1ZPK5JJh102Vw==}
    dev: false
