lockfileVersion: 5.3

specifiers:
  defaults: ^2.0.1
  i18next: ^20.3.2
  monkey-around: ^2.3
  obsidian: 1.2.8
  to-use: ^0.3.2

dependencies:
  defaults: 2.0.1
  i18next: 20.6.1
  monkey-around: 2.3.0
  obsidian: 1.2.8
  to-use: 0.3.2

packages:

  /@babel/runtime/7.18.9:
    resolution: {integrity: sha512-lkqXDcvlFT5rvEjiu6+QYO+1GXrEHRo2LOtS7E4GtX5ESIZOgepqsZBVIj6Pv+a6zqsya9VCgiK1KAK4BvJDAw==}
    engines: {node: '>=6.9.0'}
    dependencies:
      regenerator-runtime: 0.13.9
    dev: false

  /@types/codemirror/0.0.108:
    resolution: {integrity: sha512-3FGFcus0P7C2UOGCNUVENqObEb4SFk+S8Dnxq7K6aIsLVs/vDtlangl3PEO0ykaKXyK56swVF6Nho7VsA44uhw==}
    dependencies:
      '@types/tern': 0.23.4
    dev: false

  /@types/estree/1.0.0:
    resolution: {integrity: sha512-WulqXMDUTYAXCjZnk6JtIHPigp55cVtDgDrO2gHRwhyJto21+1zbVCtOYB2L1F9w4qCQ0rOGWBnBe0FNTiEJIQ==}
    dev: false

  /@types/tern/0.23.4:
    resolution: {integrity: sha512-JAUw1iXGO1qaWwEOzxTKJZ/5JxVeON9kvGZ/osgZaJImBnyjyn0cjovPsf6FNLmyGY8Vw9DoXZCMlfMkMwHRWg==}
    dependencies:
      '@types/estree': 1.0.0
    dev: false

  /defaults/2.0.1:
    resolution: {integrity: sha512-1bGZaOcfpx0Iyxc0SqSIJ8O2WZF8xm56p4Yd4be+VxYQlFM5/4Mx3IMZqi96Npl8EsBG2pePlyGVLdqsmtIkag==}
    engines: {node: '>=16'}
    dev: false

  /i18next/20.6.1:
    resolution: {integrity: sha512-yCMYTMEJ9ihCwEQQ3phLo7I/Pwycf8uAx+sRHwwk5U9Aui/IZYgQRyMqXafQOw5QQ7DM1Z+WyEXWIqSuJHhG2A==}
    dependencies:
      '@babel/runtime': 7.18.9
    dev: false

  /moment/2.29.4:
    resolution: {integrity: sha512-5LC9SOxjSc2HF6vO2CyuTDNivEdoz2IvyJJGj6X8DJ0eFyfszE0QiEd+iXmBvUP3WHxSjFH/vIsA0EN00cgr8w==}
    dev: false

  /monkey-around/2.3.0:
    resolution: {integrity: sha512-QWcCUWjqE/MCk9cXlSKZ1Qc486LD439xw/Ak8Nt6l2PuL9+yrc9TJakt7OHDuOqPRYY4nTWBAEFKn32PE/SfXA==}
    dev: false

  /obsidian/1.2.8:
    resolution: {integrity: sha512-HrC+feA8o0tXspj4lEAqxb1btwLwHD2oHXSwbbN+CdRHURqbCkuIDLld+nkuyJ1w1c9uvVDRVk8BoeOnWheOrQ==}
    peerDependencies:
      '@codemirror/state': ^6.0.0
      '@codemirror/view': ^6.0.0
    dependencies:
      '@types/codemirror': 0.0.108
      moment: 2.29.4
    dev: false

  /regenerator-runtime/0.13.9:
    resolution: {integrity: sha512-p3VT+cOEgxFsRRA9X4lkI1E+k2/CtnKtU4gcxyaCUreilL/vqI6CdZ3wxVUx3UOUg+gnUOQQcRI7BmSI656MYA==}
    dev: false

  /to-use/0.3.2:
    resolution: {integrity: sha512-BsjW4JlQkMrZ9THFFkC4w5Yv3+dXAnd6Ycrm78heY3rNN6LxkBG0c0BQmn84qlMWxIkny1KmphU5wPMmRwMGhQ==}
    dev: false
